
Microsoft Visual Studio Solution File, Format Version 12.00
# Visual Studio 15
VisualStudioVersion = 15.0.27428.2027
MinimumVisualStudioVersion = 10.0.40219.1
Project("{9A19103F-16F7-4668-BE54-9A1E7A4F7556}") = "durashopcheckout", "durashopcheckout\durashopcheckout\durashopcheckout.csproj", "{5C5EF8AC-A5B5-459E-A3BF-BF129F91FBA4}"
EndProject
Project("{9A19103F-16F7-4668-BE54-9A1E7A4F7556}") = "durashopcommunication", "durashopcommunication\durashopcommunication\durashopcommunication.csproj", "{BBA8F2C7-545E-4B4E-B757-77B994086D54}"
EndProject
Project("{9A19103F-16F7-4668-BE54-9A1E7A4F7556}") = "durashopmfa", "durashopmfa\durashopmfa\durashopmfa.csproj", "{49DF59F5-9ADA-4338-9188-D97E1C24CA1E}"
EndProject
Project("{9A19103F-16F7-4668-BE54-9A1E7A4F7556}") = "durashoppingcart", "durashoppingcart\durashoppingcart\durashoppingcart.csproj", "{474992C3-18C7-493E-A057-0A984633BD66}"
EndProject
Project("{9A19103F-16F7-4668-BE54-9A1E7A4F7556}") = "durashopuser", "durashopuser\durashopuser\durashopuser.csproj", "{D3298D0F-4AB2-427C-BF3F-8D1FD99FAD1D}"
EndProject
Project("{FAE04EC0-301F-11D3-BF4B-00C04F79EFBC}") = "duranotification", "duranotification\duranotification.csproj", "{4DCFB300-D47D-46C9-89AE-3AF33F081001}"
EndProject
Global
	GlobalSection(SolutionConfigurationPlatforms) = preSolution
		Debug|Any CPU = Debug|Any CPU
		Release|Any CPU = Release|Any CPU
	EndGlobalSection
	GlobalSection(ProjectConfigurationPlatforms) = postSolution
		{5C5EF8AC-A5B5-459E-A3BF-BF129F91FBA4}.Debug|Any CPU.ActiveCfg = Debug|Any CPU
		{5C5EF8AC-A5B5-459E-A3BF-BF129F91FBA4}.Debug|Any CPU.Build.0 = Debug|Any CPU
		{5C5EF8AC-A5B5-459E-A3BF-BF129F91FBA4}.Release|Any CPU.ActiveCfg = Release|Any CPU
		{5C5EF8AC-A5B5-459E-A3BF-BF129F91FBA4}.Release|Any CPU.Build.0 = Release|Any CPU
		{BBA8F2C7-545E-4B4E-B757-77B994086D54}.Debug|Any CPU.ActiveCfg = Debug|Any CPU
		{BBA8F2C7-545E-4B4E-B757-77B994086D54}.Debug|Any CPU.Build.0 = Debug|Any CPU
		{BBA8F2C7-545E-4B4E-B757-77B994086D54}.Release|Any CPU.ActiveCfg = Release|Any CPU
		{BBA8F2C7-545E-4B4E-B757-77B994086D54}.Release|Any CPU.Build.0 = Release|Any CPU
		{49DF59F5-9ADA-4338-9188-D97E1C24CA1E}.Debug|Any CPU.ActiveCfg = Debug|Any CPU
		{49DF59F5-9ADA-4338-9188-D97E1C24CA1E}.Debug|Any CPU.Build.0 = Debug|Any CPU
		{49DF59F5-9ADA-4338-9188-D97E1C24CA1E}.Release|Any CPU.ActiveCfg = Release|Any CPU
		{49DF59F5-9ADA-4338-9188-D97E1C24CA1E}.Release|Any CPU.Build.0 = Release|Any CPU
		{474992C3-18C7-493E-A057-0A984633BD66}.Debug|Any CPU.ActiveCfg = Debug|Any CPU
		{474992C3-18C7-493E-A057-0A984633BD66}.Debug|Any CPU.Build.0 = Debug|Any CPU
		{474992C3-18C7-493E-A057-0A984633BD66}.Release|Any CPU.ActiveCfg = Release|Any CPU
		{474992C3-18C7-493E-A057-0A984633BD66}.Release|Any CPU.Build.0 = Release|Any CPU
		{D3298D0F-4AB2-427C-BF3F-8D1FD99FAD1D}.Debug|Any CPU.ActiveCfg = Debug|Any CPU
		{D3298D0F-4AB2-427C-BF3F-8D1FD99FAD1D}.Debug|Any CPU.Build.0 = Debug|Any CPU
		{D3298D0F-4AB2-427C-BF3F-8D1FD99FAD1D}.Release|Any CPU.ActiveCfg = Release|Any CPU
		{D3298D0F-4AB2-427C-BF3F-8D1FD99FAD1D}.Release|Any CPU.Build.0 = Release|Any CPU
		{4DCFB300-D47D-46C9-89AE-3AF33F081001}.Debug|Any CPU.ActiveCfg = Debug|Any CPU
		{4DCFB300-D47D-46C9-89AE-3AF33F081001}.Debug|Any CPU.Build.0 = Debug|Any CPU
		{4DCFB300-D47D-46C9-89AE-3AF33F081001}.Release|Any CPU.ActiveCfg = Release|Any CPU
		{4DCFB300-D47D-46C9-89AE-3AF33F081001}.Release|Any CPU.Build.0 = Release|Any CPU
	EndGlobalSection
	GlobalSection(SolutionProperties) = preSolution
		HideSolutionNode = FALSE
	EndGlobalSection
	GlobalSection(ExtensibilityGlobals) = postSolution
		SolutionGuid = {2EE6DEC5-7DDE-41BA-8AE1-773AE3613B5E}
	EndGlobalSection
EndGlobal
