
Microsoft Visual Studio Solution File, Format Version 12.00
# Visual Studio 15
VisualStudioVersion = 15.0.27130.2020
MinimumVisualStudioVersion = 10.0.40219.1
Project("{FAE04EC0-301F-11D3-BF4B-00C04F79EFBC}") = "EventGridPublisher", "EventGridPublisher\EventGridPublisher.csproj", "{360D86BF-FD83-4090-895A-39DDA3CB9E4D}"
EndProject
Global
	GlobalSection(SolutionConfigurationPlatforms) = preSolution
		Debug|Any CPU = Debug|Any CPU
		Release|Any CPU = Release|Any CPU
	EndGlobalSection
	GlobalSection(ProjectConfigurationPlatforms) = postSolution
		{360D86BF-FD83-4090-895A-39DDA3CB9E4D}.Debug|Any CPU.ActiveCfg = Debug|Any CPU
		{360D86BF-FD83-4090-895A-39DDA3CB9E4D}.Debug|Any CPU.Build.0 = Debug|Any CPU
		{360D86BF-FD83-4090-895A-39DDA3CB9E4D}.Release|Any CPU.ActiveCfg = Release|Any CPU
		{360D86BF-FD83-4090-895A-39DDA3CB9E4D}.Release|Any CPU.Build.0 = Release|Any CPU
	EndGlobalSection
	GlobalSection(SolutionProperties) = preSolution
		HideSolutionNode = FALSE
	EndGlobalSection
	GlobalSection(ExtensibilityGlobals) = postSolution
		SolutionGuid = {352E235B-3DFE-4CF2-B104-776C5B428B93}
	EndGlobalSection
EndGlobal
